
Microsoft Visual Studio Solution File, Format Version 12.00
# Visual Studio Version 17
VisualStudioVersion = 17.1.32414.318
MinimumVisualStudioVersion = 10.0.40219.1
Project("{FAE04EC0-301F-11D3-BF4B-00C04F79EFBC}") = "PictureViewer", "PictureViewer\PictureViewer.csproj", "{BA4E45D0-3D34-4A25-B13D-9B5913BBD3F1}"
EndProject
Global
	GlobalSection(SolutionConfigurationPlatforms) = preSolution
		Debug|Any CPU = Debug|Any CPU
		Release|Any CPU = Release|Any CPU
	EndGlobalSection
	GlobalSection(ProjectConfigurationPlatforms) = postSolution
		{BA4E45D0-3D34-4A25-B13D-9B5913BBD3F1}.Debug|Any CPU.ActiveCfg = Debug|Any CPU
		{BA4E45D0-3D34-4A25-B13D-9B5913BBD3F1}.Debug|Any CPU.Build.0 = Debug|Any CPU
		{BA4E45D0-3D34-4A25-B13D-9B5913BBD3F1}.Release|Any CPU.ActiveCfg = Release|Any CPU
		{BA4E45D0-3D34-4A25-B13D-9B5913BBD3F1}.Release|Any CPU.Build.0 = Release|Any CPU
	EndGlobalSection
	GlobalSection(SolutionProperties) = preSolution
		HideSolutionNode = FALSE
	EndGlobalSection
	GlobalSection(ExtensibilityGlobals) = postSolution
		SolutionGuid = {EFE4FA1F-C5D5-4492-8DD5-247962787748}
	EndGlobalSection
EndGlobal
